
Microsoft Visual Studio Solution File, Format Version 12.00
# Visual Studio Version 17
VisualStudioVersion = 17.6.33829.357
MinimumVisualStudioVersion = 10.0.40219.1
Project("{FAE04EC0-301F-11D3-BF4B-00C04F79EFBC}") = "Jsone", "Jsone\Jsone.csproj", "{CA274A0B-DE05-4002-964F-789993275AA6}"
EndProject
Global
	GlobalSection(SolutionConfigurationPlatforms) = preSolution
		Debug|Any CPU = Debug|Any CPU
		Release|Any CPU = Release|Any CPU
	EndGlobalSection
	GlobalSection(ProjectConfigurationPlatforms) = postSolution
		{CA274A0B-DE05-4002-964F-789993275AA6}.Debug|Any CPU.ActiveCfg = Debug|Any CPU
		{CA274A0B-DE05-4002-964F-789993275AA6}.Debug|Any CPU.Build.0 = Debug|Any CPU
		{CA274A0B-DE05-4002-964F-789993275AA6}.Release|Any CPU.ActiveCfg = Release|Any CPU
		{CA274A0B-DE05-4002-964F-789993275AA6}.Release|Any CPU.Build.0 = Release|Any CPU
	EndGlobalSection
	GlobalSection(SolutionProperties) = preSolution
		HideSolutionNode = FALSE
	EndGlobalSection
	GlobalSection(ExtensibilityGlobals) = postSolution
		SolutionGuid = {760D9DDC-DF37-4954-AB93-39A36674C652}
	EndGlobalSection
EndGlobal
