
Microsoft Visual Studio Solution File, Format Version 12.00
# Visual Studio Version 17
VisualStudioVersion = 17.6.33829.357
MinimumVisualStudioVersion = 10.0.40219.1
Project("{FAE04EC0-301F-11D3-BF4B-00C04F79EFBC}") = "Company USER Console App Class task", "Company USER Console App Class task\Company USER Console App Class task.csproj", "{3126E5D0-F2E3-41CF-8029-E3BA0E00F7E8}"
EndProject
Global
	GlobalSection(SolutionConfigurationPlatforms) = preSolution
		Debug|Any CPU = Debug|Any CPU
		Release|Any CPU = Release|Any CPU
	EndGlobalSection
	GlobalSection(ProjectConfigurationPlatforms) = postSolution
		{3126E5D0-F2E3-41CF-8029-E3BA0E00F7E8}.Debug|Any CPU.ActiveCfg = Debug|Any CPU
		{3126E5D0-F2E3-41CF-8029-E3BA0E00F7E8}.Debug|Any CPU.Build.0 = Debug|Any CPU
		{3126E5D0-F2E3-41CF-8029-E3BA0E00F7E8}.Release|Any CPU.ActiveCfg = Release|Any CPU
		{3126E5D0-F2E3-41CF-8029-E3BA0E00F7E8}.Release|Any CPU.Build.0 = Release|Any CPU
	EndGlobalSection
	GlobalSection(SolutionProperties) = preSolution
		HideSolutionNode = FALSE
	EndGlobalSection
	GlobalSection(ExtensibilityGlobals) = postSolution
		SolutionGuid = {A4D7A45E-01B6-40BC-B18E-10000F78D642}
	EndGlobalSection
EndGlobal
