
Microsoft Visual Studio Solution File, Format Version 12.00
# Visual Studio Version 17
VisualStudioVersion = 17.6.33829.357
MinimumVisualStudioVersion = 10.0.40219.1
Project("{FAE04EC0-301F-11D3-BF4B-00C04F79EFBC}") = "Delegates", "Delegate\Delegates.csproj", "{0A6809BE-A214-48E3-ACE7-A66E8CC09B03}"
EndProject
Global
	GlobalSection(SolutionConfigurationPlatforms) = preSolution
		Debug|Any CPU = Debug|Any CPU
		Release|Any CPU = Release|Any CPU
	EndGlobalSection
	GlobalSection(ProjectConfigurationPlatforms) = postSolution
		{0A6809BE-A214-48E3-ACE7-A66E8CC09B03}.Debug|Any CPU.ActiveCfg = Debug|Any CPU
		{0A6809BE-A214-48E3-ACE7-A66E8CC09B03}.Debug|Any CPU.Build.0 = Debug|Any CPU
		{0A6809BE-A214-48E3-ACE7-A66E8CC09B03}.Release|Any CPU.ActiveCfg = Release|Any CPU
		{0A6809BE-A214-48E3-ACE7-A66E8CC09B03}.Release|Any CPU.Build.0 = Release|Any CPU
	EndGlobalSection
	GlobalSection(SolutionProperties) = preSolution
		HideSolutionNode = FALSE
	EndGlobalSection
	GlobalSection(ExtensibilityGlobals) = postSolution
		SolutionGuid = {8273C41B-4882-41EA-BCCC-DA6B1BA37CBC}
	EndGlobalSection
EndGlobal
