
Microsoft Visual Studio Solution File, Format Version 12.00
# Visual Studio Version 17
VisualStudioVersion = 17.6.33829.357
MinimumVisualStudioVersion = 10.0.40219.1
Project("{FAE04EC0-301F-11D3-BF4B-00C04F79EFBC}") = "Exception reflection task 1", "Exception reflection task 1\Exception reflection task 1.csproj", "{651777B8-6479-42A5-B24C-176FBDAE7084}"
EndProject
Global
	GlobalSection(SolutionConfigurationPlatforms) = preSolution
		Debug|Any CPU = Debug|Any CPU
		Release|Any CPU = Release|Any CPU
	EndGlobalSection
	GlobalSection(ProjectConfigurationPlatforms) = postSolution
		{651777B8-6479-42A5-B24C-176FBDAE7084}.Debug|Any CPU.ActiveCfg = Debug|Any CPU
		{651777B8-6479-42A5-B24C-176FBDAE7084}.Debug|Any CPU.Build.0 = Debug|Any CPU
		{651777B8-6479-42A5-B24C-176FBDAE7084}.Release|Any CPU.ActiveCfg = Release|Any CPU
		{651777B8-6479-42A5-B24C-176FBDAE7084}.Release|Any CPU.Build.0 = Release|Any CPU
	EndGlobalSection
	GlobalSection(SolutionProperties) = preSolution
		HideSolutionNode = FALSE
	EndGlobalSection
	GlobalSection(ExtensibilityGlobals) = postSolution
		SolutionGuid = {A8533B2F-85F2-4A7E-8EA4-24DF6BDC3EA4}
	EndGlobalSection
EndGlobal
