
Microsoft Visual Studio Solution File, Format Version 12.00
# Visual Studio Version 17
VisualStudioVersion = 17.6.33829.357
MinimumVisualStudioVersion = 10.0.40219.1
Project("{FAE04EC0-301F-11D3-BF4B-00C04F79EFBC}") = "ConsoleApp1", "ConsoleApp1\ConsoleApp1.csproj", "{42F2F27A-57EB-4117-8F7D-DEF7FD65AF32}"
EndProject
Global
	GlobalSection(SolutionConfigurationPlatforms) = preSolution
		Debug|Any CPU = Debug|Any CPU
		Release|Any CPU = Release|Any CPU
	EndGlobalSection
	GlobalSection(ProjectConfigurationPlatforms) = postSolution
		{42F2F27A-57EB-4117-8F7D-DEF7FD65AF32}.Debug|Any CPU.ActiveCfg = Debug|Any CPU
		{42F2F27A-57EB-4117-8F7D-DEF7FD65AF32}.Debug|Any CPU.Build.0 = Debug|Any CPU
		{42F2F27A-57EB-4117-8F7D-DEF7FD65AF32}.Release|Any CPU.ActiveCfg = Release|Any CPU
		{42F2F27A-57EB-4117-8F7D-DEF7FD65AF32}.Release|Any CPU.Build.0 = Release|Any CPU
	EndGlobalSection
	GlobalSection(SolutionProperties) = preSolution
		HideSolutionNode = FALSE
	EndGlobalSection
	GlobalSection(ExtensibilityGlobals) = postSolution
		SolutionGuid = {BCAC81CB-1CAD-401E-96DB-5223B44B7D40}
	EndGlobalSection
EndGlobal
